
Microsoft Visual Studio Solution File, Format Version 12.00
Project("{FAE04EC0-301F-11D3-BF4B-00C04F79EFBC}") = "Core", "Core\Core.csproj", "{CAC1F6BF-1490-4425-84B3-862BD7003C25}"
EndProject
Project("{FAE04EC0-301F-11D3-BF4B-00C04F79EFBC}") = "Data", "Data\Data.csproj", "{1853F7CF-3DC9-4492-860B-FB2C07E514D5}"
EndProject
Project("{FAE04EC0-301F-11D3-BF4B-00C04F79EFBC}") = "Api", "Api\Api.csproj", "{C0A62733-8DFD-48EB-BDAE-F6996AB31FF1}"
EndProject
Project("{2150E333-8FDC-42A3-9474-1A3956D46DE8}") = "src", "src", "{1561039F-4BF4-4839-8FBD-AD548220A57C}"
EndProject
Project("{2150E333-8FDC-42A3-9474-1A3956D46DE8}") = "tests", "tests", "{3B763218-8711-423B-960F-4457F3A55D56}"
EndProject
Project("{FAE04EC0-301F-11D3-BF4B-00C04F79EFBC}") = "UnitTests", "UnitTests\UnitTests.csproj", "{89DBD525-8868-454D-91BA-8CC065797F20}"
EndProject
Global
	GlobalSection(SolutionConfigurationPlatforms) = preSolution
		Debug|Any CPU = Debug|Any CPU
		Release|Any CPU = Release|Any CPU
	EndGlobalSection
	GlobalSection(ProjectConfigurationPlatforms) = postSolution
		{CAC1F6BF-1490-4425-84B3-862BD7003C25}.Debug|Any CPU.ActiveCfg = Debug|Any CPU
		{CAC1F6BF-1490-4425-84B3-862BD7003C25}.Debug|Any CPU.Build.0 = Debug|Any CPU
		{CAC1F6BF-1490-4425-84B3-862BD7003C25}.Release|Any CPU.ActiveCfg = Release|Any CPU
		{CAC1F6BF-1490-4425-84B3-862BD7003C25}.Release|Any CPU.Build.0 = Release|Any CPU
		{1853F7CF-3DC9-4492-860B-FB2C07E514D5}.Debug|Any CPU.ActiveCfg = Debug|Any CPU
		{1853F7CF-3DC9-4492-860B-FB2C07E514D5}.Debug|Any CPU.Build.0 = Debug|Any CPU
		{1853F7CF-3DC9-4492-860B-FB2C07E514D5}.Release|Any CPU.ActiveCfg = Release|Any CPU
		{1853F7CF-3DC9-4492-860B-FB2C07E514D5}.Release|Any CPU.Build.0 = Release|Any CPU
		{C0A62733-8DFD-48EB-BDAE-F6996AB31FF1}.Debug|Any CPU.ActiveCfg = Debug|Any CPU
		{C0A62733-8DFD-48EB-BDAE-F6996AB31FF1}.Debug|Any CPU.Build.0 = Debug|Any CPU
		{C0A62733-8DFD-48EB-BDAE-F6996AB31FF1}.Release|Any CPU.ActiveCfg = Release|Any CPU
		{C0A62733-8DFD-48EB-BDAE-F6996AB31FF1}.Release|Any CPU.Build.0 = Release|Any CPU
		{89DBD525-8868-454D-91BA-8CC065797F20}.Debug|Any CPU.ActiveCfg = Debug|Any CPU
		{89DBD525-8868-454D-91BA-8CC065797F20}.Debug|Any CPU.Build.0 = Debug|Any CPU
		{89DBD525-8868-454D-91BA-8CC065797F20}.Release|Any CPU.ActiveCfg = Release|Any CPU
		{89DBD525-8868-454D-91BA-8CC065797F20}.Release|Any CPU.Build.0 = Release|Any CPU
	EndGlobalSection
	GlobalSection(NestedProjects) = preSolution
		{C0A62733-8DFD-48EB-BDAE-F6996AB31FF1} = {1561039F-4BF4-4839-8FBD-AD548220A57C}
		{CAC1F6BF-1490-4425-84B3-862BD7003C25} = {1561039F-4BF4-4839-8FBD-AD548220A57C}
		{1853F7CF-3DC9-4492-860B-FB2C07E514D5} = {1561039F-4BF4-4839-8FBD-AD548220A57C}
		{89DBD525-8868-454D-91BA-8CC065797F20} = {3B763218-8711-423B-960F-4457F3A55D56}
	EndGlobalSection
EndGlobal
