
Microsoft Visual Studio Solution File, Format Version 12.00
Project("{FAE04EC0-301F-11D3-BF4B-00C04F79EFBC}") = "Core", "Core\Core.csproj", "{CAC1F6BF-1490-4425-84B3-862BD7003C25}"
EndProject
Project("{FAE04EC0-301F-11D3-BF4B-00C04F79EFBC}") = "Data", "Data\Data.csproj", "{1853F7CF-3DC9-4492-860B-FB2C07E514D5}"
EndProject
Project("{FAE04EC0-301F-11D3-BF4B-00C04F79EFBC}") = "Api", "Api\Api.csproj", "{C0A62733-8DFD-48EB-BDAE-F6996AB31FF1}"
EndProject
Project("{2150E333-8FDC-42A3-9474-1A3956D46DE8}") = "src", "src", "{1561039F-4BF4-4839-8FBD-AD548220A57C}"
EndProject
Project("{2150E333-8FDC-42A3-9474-1A3956D46DE8}") = "tests", "tests", "{3B763218-8711-423B-960F-4457F3A55D56}"
EndProject
Project("{FAE04EC0-301F-11D3-BF4B-00C04F79EFBC}") = "UnitTests", "UnitTests\UnitTests.csproj", "{89DBD525-8868-454D-91BA-8CC065797F20}"
EndProject
Project("{FAE04EC0-301F-11D3-BF4B-00C04F79EFBC}") = "IntegrationTests", "IntegrationTests\IntegrationTests.csproj", "{DEC1AE60-C771-44EC-A699-9A5C4D1FA44F}"
EndProject
Project("{2150E333-8FDC-42A3-9474-1A3956D46DE8}") = "integrations", "integrations", "{91EEFA24-F1E6-44CA-8157-408B4CF2FE9E}"
EndProject
Project("{2150E333-8FDC-42A3-9474-1A3956D46DE8}") = "notifications", "notifications", "{A04606ED-F7D2-43A1-958C-77AAD157AEE3}"
EndProject
Project("{FAE04EC0-301F-11D3-BF4B-00C04F79EFBC}") = "Integrations.Notifications", "integrations\notifications\Integrations.Notifications\Integrations.Notifications.csproj", "{A5F4F78F-68F8-49EA-8877-32D67C56AC50}"
EndProject
Project("{FAE04EC0-301F-11D3-BF4B-00C04F79EFBC}") = "Core.Contracts", "Core.Contracts\Core.Contracts.csproj", "{04B8BD55-FEAD-452B-B505-7E6BE0429700}"
EndProject
Project("{2150E333-8FDC-42A3-9474-1A3956D46DE8}") = "crypto", "crypto", "{09E973F0-FCAC-4FBA-A16A-15ADCA9D1393}"
EndProject
Project("{FAE04EC0-301F-11D3-BF4B-00C04F79EFBC}") = "Integrations.Crypto", "Integrations.Crypto\Integrations.Crypto.csproj", "{670886B3-AA17-49D6-9C77-E70C10A72EE5}"
EndProject
Global
	GlobalSection(SolutionConfigurationPlatforms) = preSolution
		Debug|Any CPU = Debug|Any CPU
		Release|Any CPU = Release|Any CPU
	EndGlobalSection
	GlobalSection(ProjectConfigurationPlatforms) = postSolution
		{CAC1F6BF-1490-4425-84B3-862BD7003C25}.Debug|Any CPU.ActiveCfg = Debug|Any CPU
		{CAC1F6BF-1490-4425-84B3-862BD7003C25}.Debug|Any CPU.Build.0 = Debug|Any CPU
		{CAC1F6BF-1490-4425-84B3-862BD7003C25}.Release|Any CPU.ActiveCfg = Release|Any CPU
		{CAC1F6BF-1490-4425-84B3-862BD7003C25}.Release|Any CPU.Build.0 = Release|Any CPU
		{1853F7CF-3DC9-4492-860B-FB2C07E514D5}.Debug|Any CPU.ActiveCfg = Debug|Any CPU
		{1853F7CF-3DC9-4492-860B-FB2C07E514D5}.Debug|Any CPU.Build.0 = Debug|Any CPU
		{1853F7CF-3DC9-4492-860B-FB2C07E514D5}.Release|Any CPU.ActiveCfg = Release|Any CPU
		{1853F7CF-3DC9-4492-860B-FB2C07E514D5}.Release|Any CPU.Build.0 = Release|Any CPU
		{C0A62733-8DFD-48EB-BDAE-F6996AB31FF1}.Debug|Any CPU.ActiveCfg = Debug|Any CPU
		{C0A62733-8DFD-48EB-BDAE-F6996AB31FF1}.Debug|Any CPU.Build.0 = Debug|Any CPU
		{C0A62733-8DFD-48EB-BDAE-F6996AB31FF1}.Release|Any CPU.ActiveCfg = Release|Any CPU
		{C0A62733-8DFD-48EB-BDAE-F6996AB31FF1}.Release|Any CPU.Build.0 = Release|Any CPU
		{89DBD525-8868-454D-91BA-8CC065797F20}.Debug|Any CPU.ActiveCfg = Debug|Any CPU
		{89DBD525-8868-454D-91BA-8CC065797F20}.Debug|Any CPU.Build.0 = Debug|Any CPU
		{89DBD525-8868-454D-91BA-8CC065797F20}.Release|Any CPU.ActiveCfg = Release|Any CPU
		{89DBD525-8868-454D-91BA-8CC065797F20}.Release|Any CPU.Build.0 = Release|Any CPU
		{DEC1AE60-C771-44EC-A699-9A5C4D1FA44F}.Debug|Any CPU.ActiveCfg = Debug|Any CPU
		{DEC1AE60-C771-44EC-A699-9A5C4D1FA44F}.Debug|Any CPU.Build.0 = Debug|Any CPU
		{DEC1AE60-C771-44EC-A699-9A5C4D1FA44F}.Release|Any CPU.ActiveCfg = Release|Any CPU
		{DEC1AE60-C771-44EC-A699-9A5C4D1FA44F}.Release|Any CPU.Build.0 = Release|Any CPU
		{A5F4F78F-68F8-49EA-8877-32D67C56AC50}.Debug|Any CPU.ActiveCfg = Debug|Any CPU
		{A5F4F78F-68F8-49EA-8877-32D67C56AC50}.Debug|Any CPU.Build.0 = Debug|Any CPU
		{A5F4F78F-68F8-49EA-8877-32D67C56AC50}.Release|Any CPU.ActiveCfg = Release|Any CPU
		{A5F4F78F-68F8-49EA-8877-32D67C56AC50}.Release|Any CPU.Build.0 = Release|Any CPU
		{04B8BD55-FEAD-452B-B505-7E6BE0429700}.Debug|Any CPU.ActiveCfg = Debug|Any CPU
		{04B8BD55-FEAD-452B-B505-7E6BE0429700}.Debug|Any CPU.Build.0 = Debug|Any CPU
		{04B8BD55-FEAD-452B-B505-7E6BE0429700}.Release|Any CPU.ActiveCfg = Release|Any CPU
		{04B8BD55-FEAD-452B-B505-7E6BE0429700}.Release|Any CPU.Build.0 = Release|Any CPU
		{670886B3-AA17-49D6-9C77-E70C10A72EE5}.Debug|Any CPU.ActiveCfg = Debug|Any CPU
		{670886B3-AA17-49D6-9C77-E70C10A72EE5}.Debug|Any CPU.Build.0 = Debug|Any CPU
		{670886B3-AA17-49D6-9C77-E70C10A72EE5}.Release|Any CPU.ActiveCfg = Release|Any CPU
		{670886B3-AA17-49D6-9C77-E70C10A72EE5}.Release|Any CPU.Build.0 = Release|Any CPU
	EndGlobalSection
	GlobalSection(NestedProjects) = preSolution
		{C0A62733-8DFD-48EB-BDAE-F6996AB31FF1} = {1561039F-4BF4-4839-8FBD-AD548220A57C}
		{CAC1F6BF-1490-4425-84B3-862BD7003C25} = {1561039F-4BF4-4839-8FBD-AD548220A57C}
		{1853F7CF-3DC9-4492-860B-FB2C07E514D5} = {1561039F-4BF4-4839-8FBD-AD548220A57C}
		{89DBD525-8868-454D-91BA-8CC065797F20} = {3B763218-8711-423B-960F-4457F3A55D56}
		{DEC1AE60-C771-44EC-A699-9A5C4D1FA44F} = {3B763218-8711-423B-960F-4457F3A55D56}
		{91EEFA24-F1E6-44CA-8157-408B4CF2FE9E} = {1561039F-4BF4-4839-8FBD-AD548220A57C}
		{A04606ED-F7D2-43A1-958C-77AAD157AEE3} = {91EEFA24-F1E6-44CA-8157-408B4CF2FE9E}
		{A5F4F78F-68F8-49EA-8877-32D67C56AC50} = {A04606ED-F7D2-43A1-958C-77AAD157AEE3}
		{04B8BD55-FEAD-452B-B505-7E6BE0429700} = {1561039F-4BF4-4839-8FBD-AD548220A57C}
		{09E973F0-FCAC-4FBA-A16A-15ADCA9D1393} = {91EEFA24-F1E6-44CA-8157-408B4CF2FE9E}
		{670886B3-AA17-49D6-9C77-E70C10A72EE5} = {09E973F0-FCAC-4FBA-A16A-15ADCA9D1393}
	EndGlobalSection
EndGlobal
